
Microsoft Visual Studio Solution File, Format Version 12.00
# Visual Studio Version 17
VisualStudioVersion = 17.11.35327.3
MinimumVisualStudioVersion = 10.0.40219.1
Project("{FAE04EC0-301F-11D3-BF4B-00C04F79EFBC}") = "Matchmaking", "Matchmaking\Matchmaking.csproj", "{104DE63F-0C9C-4D73-B6CA-D735096A89E1}"
EndProject
Global
	GlobalSection(SolutionConfigurationPlatforms) = preSolution
		Debug|Any CPU = Debug|Any CPU
		Release|Any CPU = Release|Any CPU
	EndGlobalSection
	GlobalSection(ProjectConfigurationPlatforms) = postSolution
		{104DE63F-0C9C-4D73-B6CA-D735096A89E1}.Debug|Any CPU.ActiveCfg = Debug|Any CPU
		{104DE63F-0C9C-4D73-B6CA-D735096A89E1}.Debug|Any CPU.Build.0 = Debug|Any CPU
		{104DE63F-0C9C-4D73-B6CA-D735096A89E1}.Release|Any CPU.ActiveCfg = Release|Any CPU
		{104DE63F-0C9C-4D73-B6CA-D735096A89E1}.Release|Any CPU.Build.0 = Release|Any CPU
	EndGlobalSection
	GlobalSection(SolutionProperties) = preSolution
		HideSolutionNode = FALSE
	EndGlobalSection
	GlobalSection(ExtensibilityGlobals) = postSolution
		SolutionGuid = {169A8141-0732-4D6F-8373-F77B2972B55A}
	EndGlobalSection
EndGlobal
